{
    "version": 3,
    "terraform_version": "0.11.7",
    "serial": 35,
    "lineage": "b439d2c7-ceaf-c6ee-c1b4-2ae27b985f0d",
    "modules": [
        {
            "path": [
                "root"
            ],
            "outputs": {
                "assets-url": {
                    "sensitive": false,
                    "type": "string",
                    "value": "https://storage.googleapis.com/terraform-storage-122129/stylescopy.css"
                },
                "aws-elb-dns": {
                    "sensitive": false,
                    "type": "string",
                    "value": "http://terraform-elb-2035458613.us-east-1.elb.amazonaws.com:8097"
                },
                "gcp-object-url": {
                    "sensitive": false,
                    "type": "string",
                    "value": "https://storage.googleapis.com/terraform-storage-122129/mona-lisa.jpg"
                }
            },
            "resources": {
                "aws_alb.terraform-alb": {
                    "type": "aws_alb",
                    "depends_on": [],
                    "primary": {
                        "id": "arn:aws:elasticloadbalancing:us-east-1:539520134050:loadbalancer/app/terraform-elb/0d3b5c3f47628442",
                        "attributes": {
                            "access_logs.#": "0",
                            "arn": "arn:aws:elasticloadbalancing:us-east-1:539520134050:loadbalancer/app/terraform-elb/0d3b5c3f47628442",
                            "arn_suffix": "app/terraform-elb/0d3b5c3f47628442",
                            "dns_name": "terraform-elb-2035458613.us-east-1.elb.amazonaws.com",
                            "enable_deletion_protection": "false",
                            "enable_http2": "true",
                            "id": "arn:aws:elasticloadbalancing:us-east-1:539520134050:loadbalancer/app/terraform-elb/0d3b5c3f47628442",
                            "idle_timeout": "60",
                            "internal": "false",
                            "ip_address_type": "ipv4",
                            "load_balancer_type": "application",
                            "name": "terraform-elb",
                            "security_groups.#": "1",
                            "security_groups.1928413298": "sg-8b1175c0",
                            "subnet_mapping.#": "0",
                            "subnets.#": "3",
                            "subnets.216899490": "subnet-3e4fde5b",
                            "subnets.2284312716": "subnet-60ceb839",
                            "subnets.3869369857": "subnet-a9ea7182",
                            "tags.%": "2",
                            "tags.Environment": "production",
                            "tags.Name": "terraform-elb",
                            "vpc_id": "vpc-02f1fc67",
                            "zone_id": "Z35SXDOTRQ7X7K"
                        },
                        "meta": {
                            "e2bfb730-ecaa-11e6-8f88-34363bc7c4c0": {
                                "create": 600000000000,
                                "delete": 600000000000,
                                "update": 600000000000
                            }
                        },
                        "tainted": false
                    },
                    "deposed": [],
                    "provider": "provider.aws"
                },
                "aws_alb_listener.alb_listener": {
                    "type": "aws_alb_listener",
                    "depends_on": [
                        "aws_alb.terraform-alb",
                        "aws_alb_target_group.terraform-target-group"
                    ],
                    "primary": {
                        "id": "arn:aws:elasticloadbalancing:us-east-1:539520134050:listener/app/terraform-elb/0d3b5c3f47628442/9c7059a36d20ce01",
                        "attributes": {
                            "arn": "arn:aws:elasticloadbalancing:us-east-1:539520134050:listener/app/terraform-elb/0d3b5c3f47628442/9c7059a36d20ce01",
                            "default_action.#": "1",
                            "default_action.0.target_group_arn": "arn:aws:elasticloadbalancing:us-east-1:539520134050:targetgroup/terraform-target-group/86d5082e35d0427b",
                            "default_action.0.type": "forward",
                            "id": "arn:aws:elasticloadbalancing:us-east-1:539520134050:listener/app/terraform-elb/0d3b5c3f47628442/9c7059a36d20ce01",
                            "load_balancer_arn": "arn:aws:elasticloadbalancing:us-east-1:539520134050:loadbalancer/app/terraform-elb/0d3b5c3f47628442",
                            "port": "8097",
                            "protocol": "HTTP",
                            "ssl_policy": ""
                        },
                        "meta": {},
                        "tainted": false
                    },
                    "deposed": [],
                    "provider": "provider.aws"
                },
                "aws_alb_target_group.terraform-target-group": {
                    "type": "aws_alb_target_group",
                    "depends_on": [],
                    "primary": {
                        "id": "arn:aws:elasticloadbalancing:us-east-1:539520134050:targetgroup/terraform-target-group/86d5082e35d0427b",
                        "attributes": {
                            "arn": "arn:aws:elasticloadbalancing:us-east-1:539520134050:targetgroup/terraform-target-group/86d5082e35d0427b",
                            "arn_suffix": "targetgroup/terraform-target-group/86d5082e35d0427b",
                            "deregistration_delay": "300",
                            "health_check.#": "1",
                            "health_check.0.healthy_threshold": "3",
                            "health_check.0.interval": "30",
                            "health_check.0.matcher": "200-299",
                            "health_check.0.path": "/generic",
                            "health_check.0.port": "traffic-port",
                            "health_check.0.protocol": "HTTP",
                            "health_check.0.timeout": "5",
                            "health_check.0.unhealthy_threshold": "3",
                            "id": "arn:aws:elasticloadbalancing:us-east-1:539520134050:targetgroup/terraform-target-group/86d5082e35d0427b",
                            "name": "terraform-target-group",
                            "port": "8097",
                            "protocol": "HTTP",
                            "proxy_protocol_v2": "false",
                            "slow_start": "0",
                            "stickiness.#": "1",
                            "stickiness.0.cookie_duration": "86400",
                            "stickiness.0.enabled": "false",
                            "stickiness.0.type": "lb_cookie",
                            "tags.%": "1",
                            "tags.name": "terraform-target-group",
                            "target_type": "instance",
                            "vpc_id": "vpc-02f1fc67"
                        },
                        "meta": {},
                        "tainted": false
                    },
                    "deposed": [],
                    "provider": "provider.aws"
                },
                "aws_alb_target_group_attachment.terraform-tg-instance-attachment-group-a": {
                    "type": "aws_alb_target_group_attachment",
                    "depends_on": [
                        "aws_alb_target_group.terraform-target-group",
                        "aws_instance.terraform-aws-a"
                    ],
                    "primary": {
                        "id": "arn:aws:elasticloadbalancing:us-east-1:539520134050:targetgroup/terraform-target-group/86d5082e35d0427b-20180712223711205900000001",
                        "attributes": {
                            "id": "arn:aws:elasticloadbalancing:us-east-1:539520134050:targetgroup/terraform-target-group/86d5082e35d0427b-20180712223711205900000001",
                            "port": "8097",
                            "target_group_arn": "arn:aws:elasticloadbalancing:us-east-1:539520134050:targetgroup/terraform-target-group/86d5082e35d0427b",
                            "target_id": "i-0bc4427cbe0f76d4d"
                        },
                        "meta": {},
                        "tainted": false
                    },
                    "deposed": [],
                    "provider": "provider.aws"
                },
                "aws_alb_target_group_attachment.terraform-tg-instance-attachment-group-b": {
                    "type": "aws_alb_target_group_attachment",
                    "depends_on": [
                        "aws_alb_target_group.terraform-target-group",
                        "aws_instance.terraform-aws-b"
                    ],
                    "primary": {
                        "id": "arn:aws:elasticloadbalancing:us-east-1:539520134050:targetgroup/terraform-target-group/86d5082e35d0427b-20180712223712858700000002",
                        "attributes": {
                            "id": "arn:aws:elasticloadbalancing:us-east-1:539520134050:targetgroup/terraform-target-group/86d5082e35d0427b-20180712223712858700000002",
                            "port": "8097",
                            "target_group_arn": "arn:aws:elasticloadbalancing:us-east-1:539520134050:targetgroup/terraform-target-group/86d5082e35d0427b",
                            "target_id": "i-06737ec976840331f"
                        },
                        "meta": {},
                        "tainted": false
                    },
                    "deposed": [],
                    "provider": "provider.aws"
                },
                "aws_instance.terraform-aws-a": {
                    "type": "aws_instance",
                    "depends_on": [
                        "google_storage_bucket.terraform-storage-122129",
                        "google_storage_bucket_object.css",
                        "google_storage_bucket_object.mona-lisa"
                    ],
                    "primary": {
                        "id": "i-0bc4427cbe0f76d4d",
                        "attributes": {
                            "ami": "ami-14c5486b",
                            "associate_public_ip_address": "true",
                            "availability_zone": "us-east-1a",
                            "credit_specification.#": "1",
                            "credit_specification.0.cpu_credits": "standard",
                            "disable_api_termination": "false",
                            "ebs_block_device.#": "0",
                            "ebs_optimized": "false",
                            "ephemeral_block_device.#": "0",
                            "get_password_data": "false",
                            "iam_instance_profile": "",
                            "id": "i-0bc4427cbe0f76d4d",
                            "instance_state": "running",
                            "instance_type": "t2.micro",
                            "ipv6_addresses.#": "0",
                            "key_name": "terraform",
                            "monitoring": "false",
                            "network_interface.#": "0",
                            "network_interface_id": "eni-1a44262b",
                            "password_data": "",
                            "placement_group": "",
                            "primary_network_interface_id": "eni-1a44262b",
                            "private_dns": "ip-172-31-17-229.ec2.internal",
                            "private_ip": "172.31.17.229",
                            "public_dns": "ec2-34-226-207-213.compute-1.amazonaws.com",
                            "public_ip": "34.226.207.213",
                            "root_block_device.#": "1",
                            "root_block_device.0.delete_on_termination": "true",
                            "root_block_device.0.iops": "100",
                            "root_block_device.0.volume_id": "vol-0091cd193966c849e",
                            "root_block_device.0.volume_size": "8",
                            "root_block_device.0.volume_type": "gp2",
                            "security_groups.#": "1",
                            "security_groups.261079318": "launch-wizard-2",
                            "source_dest_check": "true",
                            "subnet_id": "subnet-60ceb839",
                            "tags.%": "2",
                            "tags.Environment": "production",
                            "tags.Name": "terraform-aws-1a",
                            "tenancy": "default",
                            "volume_tags.%": "0",
                            "vpc_security_group_ids.#": "1",
                            "vpc_security_group_ids.1928413298": "sg-8b1175c0"
                        },
                        "meta": {
                            "e2bfb730-ecaa-11e6-8f88-34363bc7c4c0": {
                                "create": 600000000000,
                                "delete": 1200000000000,
                                "update": 600000000000
                            },
                            "schema_version": "1"
                        },
                        "tainted": false
                    },
                    "deposed": [],
                    "provider": "provider.aws"
                },
                "aws_instance.terraform-aws-b": {
                    "type": "aws_instance",
                    "depends_on": [
                        "google_storage_bucket.terraform-storage-122129",
                        "google_storage_bucket_object.css",
                        "google_storage_bucket_object.mona-lisa"
                    ],
                    "primary": {
                        "id": "i-06737ec976840331f",
                        "attributes": {
                            "ami": "ami-14c5486b",
                            "associate_public_ip_address": "true",
                            "availability_zone": "us-east-1b",
                            "credit_specification.#": "1",
                            "credit_specification.0.cpu_credits": "standard",
                            "disable_api_termination": "false",
                            "ebs_block_device.#": "0",
                            "ebs_optimized": "false",
                            "ephemeral_block_device.#": "0",
                            "get_password_data": "false",
                            "iam_instance_profile": "",
                            "id": "i-06737ec976840331f",
                            "instance_state": "running",
                            "instance_type": "t2.micro",
                            "ipv6_addresses.#": "0",
                            "key_name": "terraform",
                            "monitoring": "false",
                            "network_interface.#": "0",
                            "network_interface_id": "eni-89e3f50b",
                            "password_data": "",
                            "placement_group": "",
                            "primary_network_interface_id": "eni-89e3f50b",
                            "private_dns": "ip-172-31-74-68.ec2.internal",
                            "private_ip": "172.31.74.68",
                            "public_dns": "ec2-18-209-245-74.compute-1.amazonaws.com",
                            "public_ip": "18.209.245.74",
                            "root_block_device.#": "1",
                            "root_block_device.0.delete_on_termination": "true",
                            "root_block_device.0.iops": "100",
                            "root_block_device.0.volume_id": "vol-07ab9bc098a87fb53",
                            "root_block_device.0.volume_size": "8",
                            "root_block_device.0.volume_type": "gp2",
                            "security_groups.#": "1",
                            "security_groups.261079318": "launch-wizard-2",
                            "source_dest_check": "true",
                            "subnet_id": "subnet-3e4fde5b",
                            "tags.%": "2",
                            "tags.Environment": "production",
                            "tags.Name": "terraform-aws-1b",
                            "tenancy": "default",
                            "volume_tags.%": "0",
                            "vpc_security_group_ids.#": "1",
                            "vpc_security_group_ids.1928413298": "sg-8b1175c0"
                        },
                        "meta": {
                            "e2bfb730-ecaa-11e6-8f88-34363bc7c4c0": {
                                "create": 600000000000,
                                "delete": 1200000000000,
                                "update": 600000000000
                            },
                            "schema_version": "1"
                        },
                        "tainted": false
                    },
                    "deposed": [],
                    "provider": "provider.aws"
                },
                "google_storage_bucket.terraform-storage-122129": {
                    "type": "google_storage_bucket",
                    "depends_on": [],
                    "primary": {
                        "id": "terraform-storage-122129",
                        "attributes": {
                            "cors.#": "0",
                            "force_destroy": "false",
                            "id": "terraform-storage-122129",
                            "labels.%": "0",
                            "lifecycle_rule.#": "0",
                            "location": "US",
                            "logging.#": "0",
                            "name": "terraform-storage-122129",
                            "project": "terraform-208319",
                            "self_link": "https://www.googleapis.com/storage/v1/b/terraform-storage-122129",
                            "storage_class": "STANDARD",
                            "url": "gs://terraform-storage-122129",
                            "versioning.#": "0"
                        },
                        "meta": {},
                        "tainted": false
                    },
                    "deposed": [],
                    "provider": "provider.google"
                },
                "google_storage_bucket_acl.bucket-acl": {
                    "type": "google_storage_bucket_acl",
                    "depends_on": [
                        "google_storage_bucket.terraform-storage-122129"
                    ],
                    "primary": {
                        "id": "terraform-storage-122129-acl",
                        "attributes": {
                            "bucket": "terraform-storage-122129",
                            "id": "terraform-storage-122129-acl",
                            "predefined_acl": "publicRead",
                            "role_entity.#": "0"
                        },
                        "meta": {},
                        "tainted": false
                    },
                    "deposed": [],
                    "provider": "provider.google"
                },
                "google_storage_bucket_object.css": {
                    "type": "google_storage_bucket_object",
                    "depends_on": [
                        "google_storage_bucket.terraform-storage-122129"
                    ],
                    "primary": {
                        "id": "terraform-storage-122129-stylescopy.css",
                        "attributes": {
                            "bucket": "terraform-storage-122129",
                            "cache_control": "",
                            "content_disposition": "",
                            "content_encoding": "",
                            "content_language": "",
                            "content_type": "text/css",
                            "crc32c": "Cryp0Q==",
                            "detect_md5hash": "Bc6TrROW+0kQ+6V3Y2DIyQ==",
                            "id": "terraform-storage-122129-stylescopy.css",
                            "md5hash": "Bc6TrROW+0kQ+6V3Y2DIyQ==",
                            "name": "stylescopy.css",
                            "source": "/Users/kaizentek/Desktop/HybridCloud/scripts/assets/css/stylescopy.css",
                            "storage_class": "STANDARD"
                        },
                        "meta": {},
                        "tainted": false
                    },
                    "deposed": [],
                    "provider": "provider.google"
                },
                "google_storage_bucket_object.mona-lisa": {
                    "type": "google_storage_bucket_object",
                    "depends_on": [
                        "google_storage_bucket.terraform-storage-122129"
                    ],
                    "primary": {
                        "id": "terraform-storage-122129-mona-lisa.jpg",
                        "attributes": {
                            "bucket": "terraform-storage-122129",
                            "cache_control": "",
                            "content_disposition": "",
                            "content_encoding": "",
                            "content_language": "",
                            "content_type": "image/jpeg",
                            "crc32c": "0Rorcg==",
                            "detect_md5hash": "sLmn8TWh7IDP24XU1/mmug==",
                            "id": "terraform-storage-122129-mona-lisa.jpg",
                            "md5hash": "sLmn8TWh7IDP24XU1/mmug==",
                            "name": "mona-lisa.jpg",
                            "source": "/Users/kaizentek/Desktop/HybridCloud/scripts/images/mona-lisa.jpg",
                            "storage_class": "STANDARD"
                        },
                        "meta": {},
                        "tainted": false
                    },
                    "deposed": [],
                    "provider": "provider.google"
                },
                "google_storage_object_acl.css-acl": {
                    "type": "google_storage_object_acl",
                    "depends_on": [
                        "google_storage_bucket.terraform-storage-122129",
                        "google_storage_bucket_object.css"
                    ],
                    "primary": {
                        "id": "stylescopy.css-acl",
                        "attributes": {
                            "bucket": "terraform-storage-122129",
                            "id": "stylescopy.css-acl",
                            "object": "stylescopy.css",
                            "role_entity.#": "1",
                            "role_entity.0": "READER:allUsers"
                        },
                        "meta": {},
                        "tainted": false
                    },
                    "deposed": [],
                    "provider": "provider.google"
                },
                "google_storage_object_acl.img-acl": {
                    "type": "google_storage_object_acl",
                    "depends_on": [
                        "google_storage_bucket.terraform-storage-122129",
                        "google_storage_bucket_object.mona-lisa"
                    ],
                    "primary": {
                        "id": "mona-lisa.jpg-acl",
                        "attributes": {
                            "bucket": "terraform-storage-122129",
                            "id": "mona-lisa.jpg-acl",
                            "object": "mona-lisa.jpg",
                            "role_entity.#": "1",
                            "role_entity.0": "READER:allUsers"
                        },
                        "meta": {},
                        "tainted": false
                    },
                    "deposed": [],
                    "provider": "provider.google"
                }
            },
            "depends_on": []
        }
    ]
}
